
Microsoft Visual Studio Solution File, Format Version 12.00
# Visual Studio Version 17
VisualStudioVersion = 17.4.33103.184
MinimumVisualStudioVersion = 10.0.40219.1
Project("{FAE04EC0-301F-11D3-BF4B-00C04F79EFBC}") = "CSharpPlayground", "CSharpPlayground\CSharpPlayground.csproj", "{0BCCEC6C-106B-4322-887C-BEE4D1D6D4E3}"
EndProject
Project("{FAE04EC0-301F-11D3-BF4B-00C04F79EFBC}") = "WebApiPlayground", "WebApiPlayground\WebApiPlayground.csproj", "{62949EAF-7280-4F9F-9204-C6ADDA08B701}"
EndProject
Project("{FAE04EC0-301F-11D3-BF4B-00C04F79EFBC}") = "EntityFrameworkPlayground", "EntityFrameworkPlayground\EntityFrameworkPlayground.csproj", "{E3083891-1C5D-428D-AACC-F8FE2C5461F1}"
EndProject
Project("{FAE04EC0-301F-11D3-BF4B-00C04F79EFBC}") = "AuthenticationPlayground", "AuthenticationPlayground\AuthenticationPlayground.csproj", "{8552000A-60A0-4784-9E5A-55A1630DE207}"
EndProject
Global
	GlobalSection(SolutionConfigurationPlatforms) = preSolution
		Debug|Any CPU = Debug|Any CPU
		Release|Any CPU = Release|Any CPU
	EndGlobalSection
	GlobalSection(ProjectConfigurationPlatforms) = postSolution
		{0BCCEC6C-106B-4322-887C-BEE4D1D6D4E3}.Debug|Any CPU.ActiveCfg = Debug|Any CPU
		{0BCCEC6C-106B-4322-887C-BEE4D1D6D4E3}.Debug|Any CPU.Build.0 = Debug|Any CPU
		{0BCCEC6C-106B-4322-887C-BEE4D1D6D4E3}.Release|Any CPU.ActiveCfg = Release|Any CPU
		{0BCCEC6C-106B-4322-887C-BEE4D1D6D4E3}.Release|Any CPU.Build.0 = Release|Any CPU
		{62949EAF-7280-4F9F-9204-C6ADDA08B701}.Debug|Any CPU.ActiveCfg = Debug|Any CPU
		{62949EAF-7280-4F9F-9204-C6ADDA08B701}.Debug|Any CPU.Build.0 = Debug|Any CPU
		{62949EAF-7280-4F9F-9204-C6ADDA08B701}.Release|Any CPU.ActiveCfg = Release|Any CPU
		{62949EAF-7280-4F9F-9204-C6ADDA08B701}.Release|Any CPU.Build.0 = Release|Any CPU
		{E3083891-1C5D-428D-AACC-F8FE2C5461F1}.Debug|Any CPU.ActiveCfg = Debug|Any CPU
		{E3083891-1C5D-428D-AACC-F8FE2C5461F1}.Debug|Any CPU.Build.0 = Debug|Any CPU
		{E3083891-1C5D-428D-AACC-F8FE2C5461F1}.Release|Any CPU.ActiveCfg = Release|Any CPU
		{E3083891-1C5D-428D-AACC-F8FE2C5461F1}.Release|Any CPU.Build.0 = Release|Any CPU
		{8552000A-60A0-4784-9E5A-55A1630DE207}.Debug|Any CPU.ActiveCfg = Debug|Any CPU
		{8552000A-60A0-4784-9E5A-55A1630DE207}.Debug|Any CPU.Build.0 = Debug|Any CPU
		{8552000A-60A0-4784-9E5A-55A1630DE207}.Release|Any CPU.ActiveCfg = Release|Any CPU
		{8552000A-60A0-4784-9E5A-55A1630DE207}.Release|Any CPU.Build.0 = Release|Any CPU
	EndGlobalSection
	GlobalSection(SolutionProperties) = preSolution
		HideSolutionNode = FALSE
	EndGlobalSection
	GlobalSection(ExtensibilityGlobals) = postSolution
		SolutionGuid = {1861E418-3E34-442B-BDE6-73389594C89E}
	EndGlobalSection
EndGlobal
